<Solution>
  <Configurations>
    <Platform Name="x64" />
    <Platform Name="x86" />
  </Configurations>
  <Project Path="11.container/11.container.vcxproj" Id="e9400fe9-23e2-420a-8592-86be8487d8d3" />
  <Project Path="14.longestCommonPrefix/14.longestCommonPrefix.vcxproj" Id="e556cd81-56a3-4d01-b19b-4c4c392d9ff5" />
  <Project Path="26.removeDuplicatesFromSortedArray/26.removeDuplicatesFromSortedArray.vcxproj" Id="a067f07a-6665-4f70-af33-92dd3cf3f98b" />
  <Project Path="8.string_to_int/8.string_to_int.vcxproj" Id="403d983a-4898-4587-8e3d-90869f59c353" />
</Solution>
